
Microsoft Visual Studio Solution File, Format Version 12.00
# Visual Studio 15
Project("{FAE04EC0-301F-11D3-BF4B-00C04F79EFBC}") = "Assembly-CSharp", "Assembly-CSharp.csproj", "{F043B308-EE61-9FEE-DDA9-7E46D45727EE}"
EndProject
Project("{FAE04EC0-301F-11D3-BF4B-00C04F79EFBC}") = "Assembly-CSharp-Editor", "Assembly-CSharp-Editor.csproj", "{EA50CB3D-47BF-C388-83F6-E2BC791E2EA0}"
EndProject
Global
	GlobalSection(SolutionConfigurationPlatforms) = preSolution
		Debug|Any CPU = Debug|Any CPU
		Release|Any CPU = Release|Any CPU
	EndGlobalSection
	GlobalSection(ProjectConfigurationPlatforms) = postSolution
		{F043B308-EE61-9FEE-DDA9-7E46D45727EE}.Debug|Any CPU.ActiveCfg = Debug|Any CPU
		{F043B308-EE61-9FEE-DDA9-7E46D45727EE}.Debug|Any CPU.Build.0 = Debug|Any CPU
		{F043B308-EE61-9FEE-DDA9-7E46D45727EE}.Release|Any CPU.ActiveCfg = Release|Any CPU
		{F043B308-EE61-9FEE-DDA9-7E46D45727EE}.Release|Any CPU.Build.0 = Release|Any CPU
		{EA50CB3D-47BF-C388-83F6-E2BC791E2EA0}.Debug|Any CPU.ActiveCfg = Debug|Any CPU
		{EA50CB3D-47BF-C388-83F6-E2BC791E2EA0}.Debug|Any CPU.Build.0 = Debug|Any CPU
		{EA50CB3D-47BF-C388-83F6-E2BC791E2EA0}.Release|Any CPU.ActiveCfg = Release|Any CPU
		{EA50CB3D-47BF-C388-83F6-E2BC791E2EA0}.Release|Any CPU.Build.0 = Release|Any CPU
	EndGlobalSection
	GlobalSection(SolutionProperties) = preSolution
		HideSolutionNode = FALSE
	EndGlobalSection
EndGlobal
